
Microsoft Visual Studio Solution File, Format Version 12.00
# Visual Studio 14
VisualStudioVersion = 14.0.23107.0
MinimumVisualStudioVersion = 10.0.40219.1
Project("{FAE04EC0-301F-11D3-BF4B-00C04F79EFBC}") = "AngularTest1", "AngularTest1\AngularTest1.csproj", "{56D2B22D-C7EF-4D48-BC22-27F58D1F4782}"
EndProject
Project("{FAE04EC0-301F-11D3-BF4B-00C04F79EFBC}") = "ToyalistAPIV1", "ToyalistAPI\ToyalistAPIV1.csproj", "{45740D15-1193-4D33-9F69-86335FEA6FEF}"
EndProject
Project("{FAE04EC0-301F-11D3-BF4B-00C04F79EFBC}") = "AngularToyalistV1", "AngularToyalistV1\AngularToyalistV1.csproj", "{7A9F5042-194B-41B4-96B2-E8458B55198E}"
EndProject
Project("{FAE04EC0-301F-11D3-BF4B-00C04F79EFBC}") = "AngularToyalistV2", "AngularToyalistV2\AngularToyalistV2.csproj", "{50560E6A-CB03-415F-9D46-3647444A6DEF}"
EndProject
Project("{FAE04EC0-301F-11D3-BF4B-00C04F79EFBC}") = "AngularToyalistV3", "AngularToyalistV3\AngularToyalistV3.csproj", "{05A2639B-48FF-4917-B34A-EB17F6BF3888}"
EndProject
Project("{FAE04EC0-301F-11D3-BF4B-00C04F79EFBC}") = "ToyalistAPIV2", "ToyalistAPIV2\ToyalistAPIV2.csproj", "{2B4F0CCE-B595-4D22-9EC3-8E1C28D40A0E}"
EndProject
Global
	GlobalSection(SolutionConfigurationPlatforms) = preSolution
		Debug|Any CPU = Debug|Any CPU
		Release|Any CPU = Release|Any CPU
	EndGlobalSection
	GlobalSection(ProjectConfigurationPlatforms) = postSolution
		{56D2B22D-C7EF-4D48-BC22-27F58D1F4782}.Debug|Any CPU.ActiveCfg = Debug|Any CPU
		{56D2B22D-C7EF-4D48-BC22-27F58D1F4782}.Debug|Any CPU.Build.0 = Debug|Any CPU
		{56D2B22D-C7EF-4D48-BC22-27F58D1F4782}.Release|Any CPU.ActiveCfg = Release|Any CPU
		{56D2B22D-C7EF-4D48-BC22-27F58D1F4782}.Release|Any CPU.Build.0 = Release|Any CPU
		{45740D15-1193-4D33-9F69-86335FEA6FEF}.Debug|Any CPU.ActiveCfg = Debug|Any CPU
		{45740D15-1193-4D33-9F69-86335FEA6FEF}.Debug|Any CPU.Build.0 = Debug|Any CPU
		{45740D15-1193-4D33-9F69-86335FEA6FEF}.Release|Any CPU.ActiveCfg = Release|Any CPU
		{45740D15-1193-4D33-9F69-86335FEA6FEF}.Release|Any CPU.Build.0 = Release|Any CPU
		{7A9F5042-194B-41B4-96B2-E8458B55198E}.Debug|Any CPU.ActiveCfg = Debug|Any CPU
		{7A9F5042-194B-41B4-96B2-E8458B55198E}.Debug|Any CPU.Build.0 = Debug|Any CPU
		{7A9F5042-194B-41B4-96B2-E8458B55198E}.Release|Any CPU.ActiveCfg = Release|Any CPU
		{7A9F5042-194B-41B4-96B2-E8458B55198E}.Release|Any CPU.Build.0 = Release|Any CPU
		{50560E6A-CB03-415F-9D46-3647444A6DEF}.Debug|Any CPU.ActiveCfg = Debug|Any CPU
		{50560E6A-CB03-415F-9D46-3647444A6DEF}.Debug|Any CPU.Build.0 = Debug|Any CPU
		{50560E6A-CB03-415F-9D46-3647444A6DEF}.Release|Any CPU.ActiveCfg = Release|Any CPU
		{50560E6A-CB03-415F-9D46-3647444A6DEF}.Release|Any CPU.Build.0 = Release|Any CPU
		{05A2639B-48FF-4917-B34A-EB17F6BF3888}.Debug|Any CPU.ActiveCfg = Debug|Any CPU
		{05A2639B-48FF-4917-B34A-EB17F6BF3888}.Debug|Any CPU.Build.0 = Debug|Any CPU
		{05A2639B-48FF-4917-B34A-EB17F6BF3888}.Release|Any CPU.ActiveCfg = Release|Any CPU
		{05A2639B-48FF-4917-B34A-EB17F6BF3888}.Release|Any CPU.Build.0 = Release|Any CPU
		{2B4F0CCE-B595-4D22-9EC3-8E1C28D40A0E}.Debug|Any CPU.ActiveCfg = Debug|Any CPU
		{2B4F0CCE-B595-4D22-9EC3-8E1C28D40A0E}.Debug|Any CPU.Build.0 = Debug|Any CPU
		{2B4F0CCE-B595-4D22-9EC3-8E1C28D40A0E}.Release|Any CPU.ActiveCfg = Release|Any CPU
		{2B4F0CCE-B595-4D22-9EC3-8E1C28D40A0E}.Release|Any CPU.Build.0 = Release|Any CPU
	EndGlobalSection
	GlobalSection(SolutionProperties) = preSolution
		HideSolutionNode = FALSE
	EndGlobalSection
EndGlobal
